
Microsoft Visual Studio Solution File, Format Version 12.00
# Visual Studio Version 17
VisualStudioVersion = 17.10.35027.167
MinimumVisualStudioVersion = 10.0.40219.1
Project("{FAE04EC0-301F-11D3-BF4B-00C04F79EFBC}") = "EndExam_2019", "EndExam_2019\EndExam_2019.csproj", "{45CA4083-73F6-4D24-B59F-EE3F3B0148F7}"
EndProject
Global
	GlobalSection(SolutionConfigurationPlatforms) = preSolution
		Debug|Any CPU = Debug|Any CPU
		Release|Any CPU = Release|Any CPU
	EndGlobalSection
	GlobalSection(ProjectConfigurationPlatforms) = postSolution
		{45CA4083-73F6-4D24-B59F-EE3F3B0148F7}.Debug|Any CPU.ActiveCfg = Debug|Any CPU
		{45CA4083-73F6-4D24-B59F-EE3F3B0148F7}.Debug|Any CPU.Build.0 = Debug|Any CPU
		{45CA4083-73F6-4D24-B59F-EE3F3B0148F7}.Release|Any CPU.ActiveCfg = Release|Any CPU
		{45CA4083-73F6-4D24-B59F-EE3F3B0148F7}.Release|Any CPU.Build.0 = Release|Any CPU
	EndGlobalSection
	GlobalSection(SolutionProperties) = preSolution
		HideSolutionNode = FALSE
	EndGlobalSection
	GlobalSection(ExtensibilityGlobals) = postSolution
		SolutionGuid = {355AB4D5-A92B-4D4D-941C-C3E0657604DF}
	EndGlobalSection
EndGlobal
